schema: '2.0'
stages:
  data_load:
    cmd: python src/stages/data_load.py
    deps:
    - path: src/stages/data_load.py
      md5: d16a8adf76ac80d5b1e8615741269771
      size: 753
    params:
      params.yaml:
        base:
          random_state: 42
        data:
          dataset_csv: data/raw/iris.csv
          features_path: data/processed/features_iris.csv
          train_dataset_path: data/processed/train_iris.csv
          test_dataset_path: data/processed/test_iris.csv
          test_size: 0.2
    outs:
    - path: data/raw/iris.csv
      md5: 4224576f0267bf88902f87f0f6200967
      size: 2908
  featurize:
    cmd: python src/stages/featurize.py
    deps:
    - path: data/raw/iris.csv
      md5: 4224576f0267bf88902f87f0f6200967
      size: 2908
    - path: src/stages/featurize.py
      md5: e3c33e120a6b0c07951f961d6f524f35
      size: 1118
    params:
      params.yaml:
        base:
          random_state: 42
        data:
          dataset_csv: data/raw/iris.csv
          features_path: data/processed/features_iris.csv
          train_dataset_path: data/processed/train_iris.csv
          test_dataset_path: data/processed/test_iris.csv
          test_size: 0.2
    outs:
    - path: data/processed/features_iris.csv
      md5: 5d03a1564b3038fc35a842f8e4bde491
      size: 7411
  data_split:
    cmd: python src/stages/data_split.py
    deps:
    - path: data/processed/features_iris.csv
      md5: 5d03a1564b3038fc35a842f8e4bde491
      size: 7411
    - path: src/stages/data_split.py
      md5: 3e6a63c1ee5356223eb95fef73d3d5f8
      size: 913
    params:
      params.yaml:
        base:
          random_state: 42
        data:
          dataset_csv: data/raw/iris.csv
          features_path: data/processed/features_iris.csv
          train_dataset_path: data/processed/train_iris.csv
          test_dataset_path: data/processed/test_iris.csv
          test_size: 0.2
    outs:
    - path: data/processed/test_iris.csv
      md5: 267bfa51ad9743b43b712d57b227f629
      size: 628
    - path: data/processed/train_iris.csv
      md5: 62ad220902012b3562015caf7c38f7e7
      size: 2338
  train:
    cmd: python src/stages/train.py
    deps:
    - path: data/processed/train_iris.csv
      md5: 62ad220902012b3562015caf7c38f7e7
      size: 2338
    - path: src/stages/train.py
      md5: d124abe08048c56ee7fb522ffb2a92cf
      size: 942
    params:
      params.yaml:
        base:
          random_state: 42
        train:
          clf_params:
            C: 0.05
            solver: lbfgs
            multi_class: multinomial
            max_iter: 100
          model_path: models/model.joblib
    outs:
    - path: models/model.joblib
      md5: 8a5df8ca2ffe68eee55b7bfc873bf3ee
      size: 863
  evaluation:
    cmd: python src/stages/evaluate.py
    deps:
    - path: data/processed/test_iris.csv
      md5: 267bfa51ad9743b43b712d57b227f629
      size: 628
    - path: src/stages/evaluate.py
      md5: 1f14c05f77301925d210d390fe568fbb
      size: 1780
    params:
      params.yaml:
        base:
          random_state: 42
        reports:
          metrics_file: reports/metrics.json
          confusion_matrix_image: reports/confusion_matrix.png
          confusion_matrix_data: reports/confusion_matrix_data.csv
        train:
          clf_params:
            C: 0.05
            solver: lbfgs
            multi_class: multinomial
            max_iter: 100
          model_path: models/model.joblib
    outs:
    - path: reports/confusion_matrix.png
      md5: 3fa17e8f2c916c8bbe84330846af809b
      size: 25014
    - path: reports/confusion_matrix_data.csv
      md5: 578c1f9c593f4318d40d7acf53a5fd82
      size: 52
    - path: reports/metrics.json
      md5: 935f92b4a89f35d9eebbf8eefefa5fc3
      size: 34
